
Microsoft Visual Studio Solution File, Format Version 12.00
# Visual Studio Version 17
VisualStudioVersion = 17.5.001.0
MinimumVisualStudioVersion = 10.0.40219.1
Project("{9A19103F-16F7-4668-BE54-9A1E7A4F7556}") = "3_0", "3_0\3_0.csproj", "{CC6AFD60-D3F1-4BBC-A705-73FB288511DC}"
EndProject
Project("{9A19103F-16F7-4668-BE54-9A1E7A4F7556}") = "3_1", "3_1\3_1.csproj", "{C8C9D166-B6B3-407A-9171-C60D30E3E793}"
EndProject
Project("{9A19103F-16F7-4668-BE54-9A1E7A4F7556}") = "3_2", "3_2\3_2.csproj", "{D4B685B8-A198-442B-B529-DCF6F6210A3F}"
EndProject
Project("{9A19103F-16F7-4668-BE54-9A1E7A4F7556}") = "3_3", "3_3\3_3.csproj", "{EC4358C6-D888-49D5-85E8-6400B27D9653}"
EndProject
Project("{2150E333-8FDC-42A3-9474-1A3956D46DE8}") = "HW3", "HW3", "{3F103C8E-B584-4576-AF3D-6BD9AD05A6EE}"
EndProject
Project("{9A19103F-16F7-4668-BE54-9A1E7A4F7556}") = "3_1", "HW3\3_1\3_1.csproj", "{055D5447-0D96-4774-B50E-94865E778088}"
EndProject
Project("{9A19103F-16F7-4668-BE54-9A1E7A4F7556}") = "3_2", "HW3\3_2\3_2.csproj", "{61E2E907-BC49-4185-B4FA-B3525D181E5E}"
EndProject
Global
	GlobalSection(SolutionConfigurationPlatforms) = preSolution
		Debug|Any CPU = Debug|Any CPU
		Release|Any CPU = Release|Any CPU
	EndGlobalSection
	GlobalSection(ProjectConfigurationPlatforms) = postSolution
		{CC6AFD60-D3F1-4BBC-A705-73FB288511DC}.Debug|Any CPU.ActiveCfg = Debug|Any CPU
		{CC6AFD60-D3F1-4BBC-A705-73FB288511DC}.Debug|Any CPU.Build.0 = Debug|Any CPU
		{CC6AFD60-D3F1-4BBC-A705-73FB288511DC}.Release|Any CPU.ActiveCfg = Release|Any CPU
		{CC6AFD60-D3F1-4BBC-A705-73FB288511DC}.Release|Any CPU.Build.0 = Release|Any CPU
		{C8C9D166-B6B3-407A-9171-C60D30E3E793}.Debug|Any CPU.ActiveCfg = Debug|Any CPU
		{C8C9D166-B6B3-407A-9171-C60D30E3E793}.Debug|Any CPU.Build.0 = Debug|Any CPU
		{C8C9D166-B6B3-407A-9171-C60D30E3E793}.Release|Any CPU.ActiveCfg = Release|Any CPU
		{C8C9D166-B6B3-407A-9171-C60D30E3E793}.Release|Any CPU.Build.0 = Release|Any CPU
		{D4B685B8-A198-442B-B529-DCF6F6210A3F}.Debug|Any CPU.ActiveCfg = Debug|Any CPU
		{D4B685B8-A198-442B-B529-DCF6F6210A3F}.Debug|Any CPU.Build.0 = Debug|Any CPU
		{D4B685B8-A198-442B-B529-DCF6F6210A3F}.Release|Any CPU.ActiveCfg = Release|Any CPU
		{D4B685B8-A198-442B-B529-DCF6F6210A3F}.Release|Any CPU.Build.0 = Release|Any CPU
		{EC4358C6-D888-49D5-85E8-6400B27D9653}.Debug|Any CPU.ActiveCfg = Debug|Any CPU
		{EC4358C6-D888-49D5-85E8-6400B27D9653}.Debug|Any CPU.Build.0 = Debug|Any CPU
		{EC4358C6-D888-49D5-85E8-6400B27D9653}.Release|Any CPU.ActiveCfg = Release|Any CPU
		{EC4358C6-D888-49D5-85E8-6400B27D9653}.Release|Any CPU.Build.0 = Release|Any CPU
		{055D5447-0D96-4774-B50E-94865E778088}.Debug|Any CPU.ActiveCfg = Debug|Any CPU
		{055D5447-0D96-4774-B50E-94865E778088}.Debug|Any CPU.Build.0 = Debug|Any CPU
		{055D5447-0D96-4774-B50E-94865E778088}.Release|Any CPU.ActiveCfg = Release|Any CPU
		{055D5447-0D96-4774-B50E-94865E778088}.Release|Any CPU.Build.0 = Release|Any CPU
		{61E2E907-BC49-4185-B4FA-B3525D181E5E}.Debug|Any CPU.ActiveCfg = Debug|Any CPU
		{61E2E907-BC49-4185-B4FA-B3525D181E5E}.Debug|Any CPU.Build.0 = Debug|Any CPU
		{61E2E907-BC49-4185-B4FA-B3525D181E5E}.Release|Any CPU.ActiveCfg = Release|Any CPU
		{61E2E907-BC49-4185-B4FA-B3525D181E5E}.Release|Any CPU.Build.0 = Release|Any CPU
	EndGlobalSection
	GlobalSection(SolutionProperties) = preSolution
		HideSolutionNode = FALSE
	EndGlobalSection
	GlobalSection(NestedProjects) = preSolution
		{055D5447-0D96-4774-B50E-94865E778088} = {3F103C8E-B584-4576-AF3D-6BD9AD05A6EE}
		{61E2E907-BC49-4185-B4FA-B3525D181E5E} = {3F103C8E-B584-4576-AF3D-6BD9AD05A6EE}
	EndGlobalSection
	GlobalSection(ExtensibilityGlobals) = postSolution
		SolutionGuid = {7EEF2578-BD3D-4D1B-A8A1-8FE2EF3E5C79}
	EndGlobalSection
EndGlobal
